<?xml version="1.0" encoding="utf-8"?>
<Project ToolsVersion="4.0" xmlns="http://schemas.microsoft.com/developer/msbuild/2003">
  <ItemGroup>
    <Filter Include="源文件">
      <UniqueIdentifier>{4FC737F1-C7A5-4376-A066-2A32D752A2FF}</UniqueIdentifier>
      <Extensions>cpp;c;cc;cxx;c++;def;odl;idl;hpj;bat;asm;asmx</Extensions>
    </Filter>
    <Filter Include="头文件">
      <UniqueIdentifier>{93995380-89BD-4b04-88EB-625FBE52EBFB}</UniqueIdentifier>
      <Extensions>h;hh;hpp;hxx;h++;hm;inl;inc;ipp;xsd</Extensions>
    </Filter>
    <Filter Include="资源文件">
      <UniqueIdentifier>{67DA6AB6-F800-4c08-8B7A-83BB121AAD01}</UniqueIdentifier>
      <Extensions>rc;ico;cur;bmp;dlg;rc2;rct;bin;rgs;gif;jpg;jpeg;jpe;resx;tiff;tif;png;wav;mfcribbon-ms</Extensions>
    </Filter>
    <Filter Include="资源文件\shaders">
      <UniqueIdentifier>{f5828c94-d1ea-4880-9fb2-c3d52c799454}</UniqueIdentifier>
    </Filter>
    <Filter Include="头文件\Engine">
      <UniqueIdentifier>{e1e03e2a-a695-4c43-8d3c-01425ab13896}</UniqueIdentifier>
    </Filter>
    <Filter Include="头文件\Games">
      <UniqueIdentifier>{70aaea2e-7a03-42a6-8da3-1513c989dd5d}</UniqueIdentifier>
    </Filter>
    <Filter Include="头文件\Games\Water">
      <UniqueIdentifier>{c4efe1fb-0e8b-4d7f-9a11-6d3f3ebdaa2f}</UniqueIdentifier>
    </Filter>
    <Filter Include="源文件\Games">
      <UniqueIdentifier>{36a1098f-00ae-48eb-a8e7-8de78f5d711e}</UniqueIdentifier>
    </Filter>
    <Filter Include="源文件\Games\Water">
      <UniqueIdentifier>{a42d632d-0da0-47f7-9b66-d7703d747160}</UniqueIdentifier>
    </Filter>
    <Filter Include="源文件\Engine">
      <UniqueIdentifier>{f725e5aa-ed7d-4836-8049-3f19a6f209bb}</UniqueIdentifier>
    </Filter>
    <Filter Include="资源文件\shaders\water">
      <UniqueIdentifier>{1aa569e4-477f-4241-8767-8862ebf4b41b}</UniqueIdentifier>
    </Filter>
    <Filter Include="资源文件\shaders\engine">
      <UniqueIdentifier>{a751b07f-6f17-406e-bbbf-42b07140c1bf}</UniqueIdentifier>
    </Filter>
    <Filter Include="头文件\Engine\Render">
      <UniqueIdentifier>{a542651d-3820-450e-a91e-7c58922fc03f}</UniqueIdentifier>
    </Filter>
    <Filter Include="源文件\Engine\Render">
      <UniqueIdentifier>{52310050-9057-481e-949f-dd4da6aa0f16}</UniqueIdentifier>
    </Filter>
    <Filter Include="资源文件\shaders\engine\deffered">
      <UniqueIdentifier>{1b9c6ba7-50c7-4d69-b328-00c7d3748564}</UniqueIdentifier>
    </Filter>
    <Filter Include="头文件\Games\RPG">
      <UniqueIdentifier>{87b5ea27-474c-4111-9fa7-83d1418faaff}</UniqueIdentifier>
    </Filter>
    <Filter Include="源文件\Games\RPG">
      <UniqueIdentifier>{dbffa006-e59a-4050-beb3-02d6a53f1467}</UniqueIdentifier>
    </Filter>
    <Filter Include="头文件\Engine\Camera">
      <UniqueIdentifier>{12954284-d53b-4f0f-b4ac-55f81165da13}</UniqueIdentifier>
    </Filter>
    <Filter Include="头文件\Engine\BoundingVolume">
      <UniqueIdentifier>{a3cf71d9-394c-46c4-aae0-f664d3df5e0f}</UniqueIdentifier>
    </Filter>
    <Filter Include="头文件\Engine\Texture">
      <UniqueIdentifier>{84a3ed6f-f664-49a7-91ae-dff97380c127}</UniqueIdentifier>
    </Filter>
    <Filter Include="源文件\Engine\Texture">
      <UniqueIdentifier>{c6a1f152-777c-42d2-b68e-8522191108f2}</UniqueIdentifier>
    </Filter>
  </ItemGroup>
  <ItemGroup>
    <ClCompile Include="main.cpp">
      <Filter>源文件</Filter>
    </ClCompile>
    <ClCompile Include="glad.c">
      <Filter>源文件\Engine</Filter>
    </ClCompile>
    <ClCompile Include="ResourceManager.cpp">
      <Filter>源文件\Engine</Filter>
    </ClCompile>
    <ClCompile Include="Shader.cpp">
      <Filter>源文件\Engine</Filter>
    </ClCompile>
    <ClCompile Include="WaterGame.cpp">
      <Filter>源文件\Games\Water</Filter>
    </ClCompile>
    <ClCompile Include="DeferredRenderer.cpp">
      <Filter>源文件\Engine\Render</Filter>
    </ClCompile>
    <ClCompile Include="ForwardRenderer.cpp">
      <Filter>源文件\Engine\Render</Filter>
    </ClCompile>
    <ClCompile Include="Renderer.cpp">
      <Filter>源文件\Engine\Render</Filter>
    </ClCompile>
    <ClCompile Include="PostProcessor.cpp">
      <Filter>源文件\Engine\Render</Filter>
    </ClCompile>
    <ClCompile Include="RPGGame.cpp">
      <Filter>源文件\Games\RPG</Filter>
    </ClCompile>
    <ClCompile Include="ShadowProcessor.cpp">
      <Filter>源文件\Engine\Render</Filter>
    </ClCompile>
    <ClCompile Include="TextureCubeMap.cpp">
      <Filter>源文件\Engine\Texture</Filter>
    </ClCompile>
    <ClCompile Include="Texture2D.cpp">
      <Filter>源文件\Engine\Texture</Filter>
    </ClCompile>
  </ItemGroup>
  <ItemGroup>
    <ClInclude Include="WaterGame.h">
      <Filter>头文件\Games\Water</Filter>
    </ClInclude>
    <ClInclude Include="ResourceManager.h">
      <Filter>头文件\Engine</Filter>
    </ClInclude>
    <ClInclude Include="Shader.h">
      <Filter>头文件\Engine</Filter>
    </ClInclude>
    <ClInclude Include="Mesh.h">
      <Filter>头文件\Engine</Filter>
    </ClInclude>
    <ClInclude Include="GameBase.h">
      <Filter>头文件\Engine</Filter>
    </ClInclude>
    <ClInclude Include="RenderObject.h">
      <Filter>头文件\Engine</Filter>
    </ClInclude>
    <ClInclude Include="Renderer.h">
      <Filter>头文件\Engine\Render</Filter>
    </ClInclude>
    <ClInclude Include="DeferredRenderer.h">
      <Filter>头文件\Engine\Render</Filter>
    </ClInclude>
    <ClInclude Include="ForwardRenderer.h">
      <Filter>头文件\Engine\Render</Filter>
    </ClInclude>
    <ClInclude Include="PostProcessor.h">
      <Filter>头文件\Engine\Render</Filter>
    </ClInclude>
    <ClInclude Include="RPGGame.h">
      <Filter>头文件\Games\RPG</Filter>
    </ClInclude>
    <ClInclude Include="Scene.h">
      <Filter>头文件\Engine</Filter>
    </ClInclude>
    <ClInclude Include="OpenGL_Common.h">
      <Filter>头文件\Engine</Filter>
    </ClInclude>
    <ClInclude Include="Camera.h">
      <Filter>头文件\Engine\Camera</Filter>
    </ClInclude>
    <ClInclude Include="FPSCamera.h">
      <Filter>头文件\Engine\Camera</Filter>
    </ClInclude>
    <ClInclude Include="Light.h">
      <Filter>头文件\Engine</Filter>
    </ClInclude>
    <ClInclude Include="Material.h">
      <Filter>头文件\Engine</Filter>
    </ClInclude>
    <ClInclude Include="Transform.h">
      <Filter>头文件\Engine</Filter>
    </ClInclude>
    <ClInclude Include="ShadowProcessor.h">
      <Filter>头文件\Engine\Render</Filter>
    </ClInclude>
    <ClInclude Include="BBox.h">
      <Filter>头文件\Engine\BoundingVolume</Filter>
    </ClInclude>
    <ClInclude Include="BSphere.h">
      <Filter>头文件\Engine\BoundingVolume</Filter>
    </ClInclude>
    <ClInclude Include="Texture2D.h">
      <Filter>头文件\Engine\Texture</Filter>
    </ClInclude>
    <ClInclude Include="TextureCubeMap.h">
      <Filter>头文件\Engine\Texture</Filter>
    </ClInclude>
    <ClInclude Include="Texture.h">
      <Filter>头文件\Engine\Texture</Filter>
    </ClInclude>
  </ItemGroup>
  <ItemGroup>
    <None Include="shaders\water.frag">
      <Filter>资源文件\shaders\water</Filter>
    </None>
    <None Include="shaders\water.vs">
      <Filter>资源文件\shaders\water</Filter>
    </None>
    <None Include="shaders\water_postprocess.frag">
      <Filter>资源文件\shaders\water</Filter>
    </None>
    <None Include="shaders\mesh.vs">
      <Filter>资源文件\shaders\engine</Filter>
    </None>
    <None Include="shaders\mesh.frag">
      <Filter>资源文件\shaders\engine</Filter>
    </None>
    <None Include="shaders\mesh_geo.vs">
      <Filter>资源文件\shaders\engine\deffered</Filter>
    </None>
    <None Include="shaders\mesh_geo.frag">
      <Filter>资源文件\shaders\engine\deffered</Filter>
    </None>
    <None Include="shaders\mesh_shading.frag">
      <Filter>资源文件\shaders\engine\deffered</Filter>
    </None>
    <None Include="shaders\screen_quad.vs">
      <Filter>资源文件\shaders\engine</Filter>
    </None>
    <None Include="shaders\diffuse.vs">
      <Filter>资源文件\shaders\engine</Filter>
    </None>
    <None Include="shaders\diffuse.frag">
      <Filter>资源文件\shaders\engine</Filter>
    </None>
    <None Include="shaders\shadow_map.vs">
      <Filter>资源文件\shaders\engine</Filter>
    </None>
    <None Include="shaders\shadow_map.frag">
      <Filter>资源文件\shaders\engine</Filter>
    </None>
    <None Include="shaders\debug_depth_map.frag">
      <Filter>资源文件\shaders\engine</Filter>
    </None>
    <None Include="shaders\omni_shadow_map.vs">
      <Filter>资源文件\shaders\engine</Filter>
    </None>
    <None Include="shaders\omni_shadow_map.frag">
      <Filter>资源文件\shaders\engine</Filter>
    </None>
    <None Include="shaders\omni_shadow_map.gs">
      <Filter>资源文件\shaders\engine</Filter>
    </None>
    <None Include="shaders\skybox.vs">
      <Filter>资源文件\shaders\engine</Filter>
    </None>
    <None Include="shaders\skybox.frag">
      <Filter>资源文件\shaders\engine</Filter>
    </None>
  </ItemGroup>
</Project>